
Microsoft Visual Studio Solution File, Format Version 12.00
# Visual Studio Version 17
VisualStudioVersion = 17.5.002.0
MinimumVisualStudioVersion = 10.0.40219.1
Project("{9A19103F-16F7-4668-BE54-9A1E7A4F7556}") = "task", "task.csproj", "{E7625A2F-5F35-404F-BF0A-5FE14E8E956B}"
EndProject
Global
	GlobalSection(SolutionConfigurationPlatforms) = preSolution
		Debug|Any CPU = Debug|Any CPU
		Release|Any CPU = Release|Any CPU
	EndGlobalSection
	GlobalSection(ProjectConfigurationPlatforms) = postSolution
		{E7625A2F-5F35-404F-BF0A-5FE14E8E956B}.Debug|Any CPU.ActiveCfg = Debug|Any CPU
		{E7625A2F-5F35-404F-BF0A-5FE14E8E956B}.Debug|Any CPU.Build.0 = Debug|Any CPU
		{E7625A2F-5F35-404F-BF0A-5FE14E8E956B}.Release|Any CPU.ActiveCfg = Release|Any CPU
		{E7625A2F-5F35-404F-BF0A-5FE14E8E956B}.Release|Any CPU.Build.0 = Release|Any CPU
	EndGlobalSection
	GlobalSection(SolutionProperties) = preSolution
		HideSolutionNode = FALSE
	EndGlobalSection
	GlobalSection(ExtensibilityGlobals) = postSolution
		SolutionGuid = {4DACE9EE-DA4C-4527-ACB3-38C87AE6EA07}
	EndGlobalSection
EndGlobal
